// !$*UTF8*$!
{
	archiveVersion = 1;
	classes = {
	};
	objectVersion = 46;
	objects = {

/* Begin PBXBuildFile section */
		3ACFB64C1BDFE971001850E9 /* main.m in Sources */ = {isa = PBXBuildFile; fileRef = 3ACFB64B1BDFE971001850E9 /* main.m */; };
		3ACFB64F1BDFE971001850E9 /* AppDelegate.m in Sources */ = {isa = PBXBuildFile; fileRef = 3ACFB64E1BDFE971001850E9 /* AppDelegate.m */; };
		3ACFB6521BDFE971001850E9 /* ViewController.m in Sources */ = {isa = PBXBuildFile; fileRef = 3ACFB6511BDFE971001850E9 /* ViewController.m */; };
		3ACFB6551BDFE971001850E9 /* Main.storyboard in Resources */ = {isa = PBXBuildFile; fileRef = 3ACFB6531BDFE971001850E9 /* Main.storyboard */; };
		3ACFB6571BDFE971001850E9 /* Images.xcassets in Resources */ = {isa = PBXBuildFile; fileRef = 3ACFB6561BDFE971001850E9 /* Images.xcassets */; };
		3ACFB65A1BDFE971001850E9 /* LaunchScreen.xib in Resources */ = {isa = PBXBuildFile; fileRef = 3ACFB6581BDFE971001850E9 /* LaunchScreen.xib */; };
		3ACFB6661BDFE971001850E9 /* CardDeckUITests.m in Sources */ = {isa = PBXBuildFile; fileRef = 3ACFB6651BDFE971001850E9 /* CardDeckUITests.m */; };
		3ACFB6711BDFEA9C001850E9 /* CardDeck.m in Sources */ = {isa = PBXBuildFile; fileRef = 3ACFB6701BDFEA9C001850E9 /* CardDeck.m */; };
/* End PBXBuildFile section */

/* Begin PBXContainerItemProxy section */
		3ACFB6601BDFE971001850E9 /* PBXContainerItemProxy */ = {
			isa = PBXContainerItemProxy;
			containerPortal = 3ACFB63E1BDFE971001850E9 /* Project object */;
			proxyType = 1;
			remoteGlobalIDString = 3ACFB6451BDFE971001850E9;
			remoteInfo = CardDeckUI;
		};
/* End PBXContainerItemProxy section */

/* Begin PBXFileReference section */
		3ACFB6461BDFE971001850E9 /* CardDeckUI.app */ = {isa = PBXFileReference; explicitFileType = wrapper.application; includeInIndex = 0; path = CardDeckUI.app; sourceTree = BUILT_PRODUCTS_DIR; };
		3ACFB64A1BDFE971001850E9 /* Info.plist */ = {isa = PBXFileReference; lastKnownFileType = text.plist.xml; path = Info.plist; sourceTree = "<group>"; };
		3ACFB64B1BDFE971001850E9 /* main.m */ = {isa = PBXFileReference; lastKnownFileType = sourcecode.c.objc; path = main.m; sourceTree = "<group>"; };
		3ACFB64D1BDFE971001850E9 /* AppDelegate.h */ = {isa = PBXFileReference; lastKnownFileType = sourcecode.c.h; path = AppDelegate.h; sourceTree = "<group>"; };
		3ACFB64E1BDFE971001850E9 /* AppDelegate.m */ = {isa = PBXFileReference; lastKnownFileType = sourcecode.c.objc; path = AppDelegate.m; sourceTree = "<group>"; };
		3ACFB6501BDFE971001850E9 /* ViewController.h */ = {isa = PBXFileReference; lastKnownFileType = sourcecode.c.h; path = ViewController.h; sourceTree = "<group>"; };
		3ACFB6511BDFE971001850E9 /* ViewController.m */ = {isa = PBXFileReference; lastKnownFileType = sourcecode.c.objc; path = ViewController.m; sourceTree = "<group>"; };
		3ACFB6541BDFE971001850E9 /* Base */ = {isa = PBXFileReference; lastKnownFileType = file.storyboard; name = Base; path = Base.lproj/Main.storyboard; sourceTree = "<group>"; };
		3ACFB6561BDFE971001850E9 /* Images.xcassets */ = {isa = PBXFileReference; lastKnownFileType = folder.assetcatalog; path = Images.xcassets; sourceTree = "<group>"; };
		3ACFB6591BDFE971001850E9 /* Base */ = {isa = PBXFileReference; lastKnownFileType = file.xib; name = Base; path = Base.lproj/LaunchScreen.xib; sourceTree = "<group>"; };
		3ACFB65F1BDFE971001850E9 /* CardDeckUITests.xctest */ = {isa = PBXFileReference; explicitFileType = wrapper.cfbundle; includeInIndex = 0; path = CardDeckUITests.xctest; sourceTree = BUILT_PRODUCTS_DIR; };
		3ACFB6641BDFE971001850E9 /* Info.plist */ = {isa = PBXFileReference; lastKnownFileType = text.plist.xml; path = Info.plist; sourceTree = "<group>"; };
		3ACFB6651BDFE971001850E9 /* CardDeckUITests.m */ = {isa = PBXFileReference; lastKnownFileType = sourcecode.c.objc; path = CardDeckUITests.m; sourceTree = "<group>"; };
		3ACFB66F1BDFEA9C001850E9 /* CardDeck.h */ = {isa = PBXFileReference; fileEncoding = 4; lastKnownFileType = sourcecode.c.h; path = CardDeck.h; sourceTree = "<group>"; };
		3ACFB6701BDFEA9C001850E9 /* CardDeck.m */ = {isa = PBXFileReference; fileEncoding = 4; lastKnownFileType = sourcecode.c.objc; path = CardDeck.m; sourceTree = "<group>"; };
/* End PBXFileReference section */

/* Begin PBXFrameworksBuildPhase section */
		3ACFB6431BDFE971001850E9 /* Frameworks */ = {
			isa = PBXFrameworksBuildPhase;
			buildActionMask = 2147483647;
			files = (
			);
			runOnlyForDeploymentPostprocessing = 0;
		};
		3ACFB65C1BDFE971001850E9 /* Frameworks */ = {
			isa = PBXFrameworksBuildPhase;
			buildActionMask = 2147483647;
			files = (
			);
			runOnlyForDeploymentPostprocessing = 0;
		};
/* End PBXFrameworksBuildPhase section */

/* Begin PBXGroup section */
		3ACFB63D1BDFE971001850E9 = {
			isa = PBXGroup;
			children = (
				3ACFB6481BDFE971001850E9 /* CardDeckUI */,
				3ACFB6621BDFE971001850E9 /* CardDeckUITests */,
				3ACFB6471BDFE971001850E9 /* Products */,
			);
			sourceTree = "<group>";
		};
		3ACFB6471BDFE971001850E9 /* Products */ = {
			isa = PBXGroup;
			children = (
				3ACFB6461BDFE971001850E9 /* CardDeckUI.app */,
				3ACFB65F1BDFE971001850E9 /* CardDeckUITests.xctest */,
			);
			name = Products;
			sourceTree = "<group>";
		};
		3ACFB6481BDFE971001850E9 /* CardDeckUI */ = {
			isa = PBXGroup;
			children = (
				3ACFB64D1BDFE971001850E9 /* AppDelegate.h */,
				3ACFB64E1BDFE971001850E9 /* AppDelegate.m */,
				3ACFB66F1BDFEA9C001850E9 /* CardDeck.h */,
				3ACFB6701BDFEA9C001850E9 /* CardDeck.m */,
				3ACFB6501BDFE971001850E9 /* ViewController.h */,
				3ACFB6511BDFE971001850E9 /* ViewController.m */,
				3ACFB6531BDFE971001850E9 /* Main.storyboard */,
				3ACFB6561BDFE971001850E9 /* Images.xcassets */,
				3ACFB6581BDFE971001850E9 /* LaunchScreen.xib */,
				3ACFB6491BDFE971001850E9 /* Supporting Files */,
			);
			path = CardDeckUI;
			sourceTree = "<group>";
		};
		3ACFB6491BDFE971001850E9 /* Supporting Files */ = {
			isa = PBXGroup;
			children = (
				3ACFB64A1BDFE971001850E9 /* Info.plist */,
				3ACFB64B1BDFE971001850E9 /* main.m */,
			);
			name = "Supporting Files";
			sourceTree = "<group>";
		};
		3ACFB6621BDFE971001850E9 /* CardDeckUITests */ = {
			isa = PBXGroup;
			children = (
				3ACFB6651BDFE971001850E9 /* CardDeckUITests.m */,
				3ACFB6631BDFE971001850E9 /* Supporting Files */,
			);
			path = CardDeckUITests;
			sourceTree = "<group>";
		};
		3ACFB6631BDFE971001850E9 /* Supporting Files */ = {
			isa = PBXGroup;
			children = (
				3ACFB6641BDFE971001850E9 /* Info.plist */,
			);
			name = "Supporting Files";
			sourceTree = "<group>";
		};
/* End PBXGroup section */

/* Begin PBXNativeTarget section */
		3ACFB6451BDFE971001850E9 /* CardDeckUI */ = {
			isa = PBXNativeTarget;
			buildConfigurationList = 3ACFB6691BDFE971001850E9 /* Build configuration list for PBXNativeTarget "CardDeckUI" */;
			buildPhases = (
				3ACFB6421BDFE971001850E9 /* Sources */,
				3ACFB6431BDFE971001850E9 /* Frameworks */,
				3ACFB6441BDFE971001850E9 /* Resources */,
			);
			buildRules = (
			);
			dependencies = (
			);
			name = CardDeckUI;
			productName = CardDeckUI;
			productReference = 3ACFB6461BDFE971001850E9 /* CardDeckUI.app */;
			productType = "com.apple.product-type.application";
		};
		3ACFB65E1BDFE971001850E9 /* CardDeckUITests */ = {
			isa = PBXNativeTarget;
			buildConfigurationList = 3ACFB66C1BDFE971001850E9 /* Build configuration list for PBXNativeTarget "CardDeckUITests" */;
			buildPhases = (
				3ACFB65B1BDFE971001850E9 /* Sources */,
				3ACFB65C1BDFE971001850E9 /* Frameworks */,
				3ACFB65D1BDFE971001850E9 /* Resources */,
			);
			buildRules = (
			);
			dependencies = (
				3ACFB6611BDFE971001850E9 /* PBXTargetDependency */,
			);
			name = CardDeckUITests;
			productName = CardDeckUITests;
			productReference = 3ACFB65F1BDFE971001850E9 /* CardDeckUITests.xctest */;
			productType = "com.apple.product-type.bundle.unit-test";
		};
/* End PBXNativeTarget section */

/* Begin PBXProject section */
		3ACFB63E1BDFE971001850E9 /* Project object */ = {
			isa = PBXProject;
			attributes = {
				LastUpgradeCheck = 0630;
				ORGANIZATIONNAME = "Saddam Akhtar";
				TargetAttributes = {
					3ACFB6451BDFE971001850E9 = {
						CreatedOnToolsVersion = 6.4;
					};
					3ACFB65E1BDFE971001850E9 = {
						CreatedOnToolsVersion = 6.4;
						TestTargetID = 3ACFB6451BDFE971001850E9;
					};
				};
			};
			buildConfigurationList = 3ACFB6411BDFE971001850E9 /* Build configuration list for PBXProject "CardDeckUI" */;
			compatibilityVersion = "Xcode 3.2";
			developmentRegion = English;
			hasScannedForEncodings = 0;
			knownRegions = (
				en,
				Base,
			);
			mainGroup = 3ACFB63D1BDFE971001850E9;
			productRefGroup = 3ACFB6471BDFE971001850E9 /* Products */;
			projectDirPath = "";
			projectRoot = "";
			targets = (
				3ACFB6451BDFE971001850E9 /* CardDeckUI */,
				3ACFB65E1BDFE971001850E9 /* CardDeckUITests */,
			);
		};
/* End PBXProject section */

/* Begin PBXResourcesBuildPhase section */
		3ACFB6441BDFE971001850E9 /* Resources */ = {
			isa = PBXResourcesBuildPhase;
			buildActionMask = 2147483647;
			files = (
				3ACFB6551BDFE971001850E9 /* Main.storyboard in Resources */,
				3ACFB65A1BDFE971001850E9 /* LaunchScreen.xib in Resources */,
				3ACFB6571BDFE971001850E9 /* Images.xcassets in Resources */,
			);
			runOnlyForDeploymentPostprocessing = 0;
		};
		3ACFB65D1BDFE971001850E9 /* Resources */ = {
			isa = PBXResourcesBuildPhase;
			buildActionMask = 2147483647;
			files = (
			);
			runOnlyForDeploymentPostprocessing = 0;
		};
/* End PBXResourcesBuildPhase section */

/* Begin PBXSourcesBuildPhase section */
		3ACFB6421BDFE971001850E9 /* Sources */ = {
			isa = PBXSourcesBuildPhase;
			buildActionMask = 2147483647;
			files = (
				3ACFB6521BDFE971001850E9 /* ViewController.m in Sources */,
				3ACFB64F1BDFE971001850E9 /* AppDelegate.m in Sources */,
				3ACFB6711BDFEA9C001850E9 /* CardDeck.m in Sources */,
				3ACFB64C1BDFE971001850E9 /* main.m in Sources */,
			);
			runOnlyForDeploymentPostprocessing = 0;
		};
		3ACFB65B1BDFE971001850E9 /* Sources */ = {
			isa = PBXSourcesBuildPhase;
			buildActionMask = 2147483647;
			files = (
				3ACFB6661BDFE971001850E9 /* CardDeckUITests.m in Sources */,
			);
			runOnlyForDeploymentPostprocessing = 0;
		};
/* End PBXSourcesBuildPhase section */

/* Begin PBXTargetDependency section */
		3ACFB6611BDFE971001850E9 /* PBXTargetDependency */ = {
			isa = PBXTargetDependency;
			target = 3ACFB6451BDFE971001850E9 /* CardDeckUI */;
			targetProxy = 3ACFB6601BDFE971001850E9 /* PBXContainerItemProxy */;
		};
/* End PBXTargetDependency section */

/* Begin PBXVariantGroup section */
		3ACFB6531BDFE971001850E9 /* Main.storyboard */ = {
			isa = PBXVariantGroup;
			children = (
				3ACFB6541BDFE971001850E9 /* Base */,
			);
			name = Main.storyboard;
			sourceTree = "<group>";
		};
		3ACFB6581BDFE971001850E9 /* LaunchScreen.xib */ = {
			isa = PBXVariantGroup;
			children = (
				3ACFB6591BDFE971001850E9 /* Base */,
			);
			name = LaunchScreen.xib;
			sourceTree = "<group>";
		};
/* End PBXVariantGroup section */

/* Begin XCBuildConfiguration section */
		3ACFB6671BDFE971001850E9 /* Debug */ = {
			isa = XCBuildConfiguration;
			buildSettings = {
				ALWAYS_SEARCH_USER_PATHS = NO;
				CLANG_CXX_LANGUAGE_STANDARD = "gnu++0x";
				CLANG_CXX_LIBRARY = "libc++";
				CLANG_ENABLE_MODULES = YES;
				CLANG_ENABLE_OBJC_ARC = YES;
				CLANG_WARN_BOOL_CONVERSION = YES;
				CLANG_WARN_CONSTANT_CONVERSION = YES;
				CLANG_WARN_DIRECT_OBJC_ISA_USAGE = YES_ERROR;
				CLANG_WARN_EMPTY_BODY = YES;
				CLANG_WARN_ENUM_CONVERSION = YES;
				CLANG_WARN_INT_CONVERSION = YES;
				CLANG_WARN_OBJC_ROOT_CLASS = YES_ERROR;
				CLANG_WARN_UNREACHABLE_CODE = YES;
				CLANG_WARN__DUPLICATE_METHOD_MATCH = YES;
				"CODE_SIGN_IDENTITY[sdk=iphoneos*]" = "iPhone Developer";
				COPY_PHASE_STRIP = NO;
				DEBUG_INFORMATION_FORMAT = "dwarf-with-dsym";
				ENABLE_STRICT_OBJC_MSGSEND = YES;
				GCC_C_LANGUAGE_STANDARD = gnu99;
				GCC_DYNAMIC_NO_PIC = NO;
				GCC_NO_COMMON_BLOCKS = YES;
				GCC_OPTIMIZATION_LEVEL = 0;
				GCC_PREPROCESSOR_DEFINITIONS = (
					"DEBUG=1",
					"$(inherited)",
				);
				GCC_SYMBOLS_PRIVATE_EXTERN = NO;
				GCC_WARN_64_TO_32_BIT_CONVERSION = YES;
				GCC_WARN_ABOUT_RETURN_TYPE = YES_ERROR;
				GCC_WARN_UNDECLARED_SELECTOR = YES;
				GCC_WARN_UNINITIALIZED_AUTOS = YES_AGGRESSIVE;
				GCC_WARN_UNUSED_FUNCTION = YES;
				GCC_WARN_UNUSED_VARIABLE = YES;
				IPHONEOS_DEPLOYMENT_TARGET = 8.4;
				MTL_ENABLE_DEBUG_INFO = YES;
				ONLY_ACTIVE_ARCH = YES;
				SDKROOT = iphoneos;
				TARGETED_DEVICE_FAMILY = "1,2";
			};
			name = Debug;
		};
		3ACFB6681BDFE971001850E9 /* Release */ = {
			isa = XCBuildConfiguration;
			buildSettings = {
				ALWAYS_SEARCH_USER_PATHS = NO;
				CLANG_CXX_LANGUAGE_STANDARD = "gnu++0x";
				CLANG_CXX_LIBRARY = "libc++";
				CLANG_ENABLE_MODULES = YES;
				CLANG_ENABLE_OBJC_ARC = YES;
				CLANG_WARN_BOOL_CONVERSION = YES;
				CLANG_WARN_CONSTANT_CONVERSION = YES;
				CLANG_WARN_DIRECT_OBJC_ISA_USAGE = YES_ERROR;
				CLANG_WARN_EMPTY_BODY = YES;
				CLANG_WARN_ENUM_CONVERSION = YES;
				CLANG_WARN_INT_CONVERSION = YES;
				CLANG_WARN_OBJC_ROOT_CLASS = YES_ERROR;
				CLANG_WARN_UNREACHABLE_CODE = YES;
				CLANG_WARN__DUPLICATE_METHOD_MATCH = YES;
				"CODE_SIGN_IDENTITY[sdk=iphoneos*]" = "iPhone Developer";
				COPY_PHASE_STRIP = NO;
				DEBUG_INFORMATION_FORMAT = "dwarf-with-dsym";
				ENABLE_NS_ASSERTIONS = NO;
				ENABLE_STRICT_OBJC_MSGSEND = YES;
				GCC_C_LANGUAGE_STANDARD = gnu99;
				GCC_NO_COMMON_BLOCKS = YES;
				GCC_WARN_64_TO_32_BIT_CONVERSION = YES;
				GCC_WARN_ABOUT_RETURN_TYPE = YES_ERROR;
				GCC_WARN_UNDECLARED_SELECTOR = YES;
				GCC_WARN_UNINITIALIZED_AUTOS = YES_AGGRESSIVE;
				GCC_WARN_UNUSED_FUNCTION = YES;
				GCC_WARN_UNUSED_VARIABLE = YES;
				IPHONEOS_DEPLOYMENT_TARGET = 8.4;
				MTL_ENABLE_DEBUG_INFO = NO;
				SDKROOT = iphoneos;
				TARGETED_DEVICE_FAMILY = "1,2";
				VALIDATE_PRODUCT = YES;
			};
			name = Release;
		};
		3ACFB66A1BDFE971001850E9 /* Debug */ = {
			isa = XCBuildConfiguration;
			buildSettings = {
				ASSETCATALOG_COMPILER_APPICON_NAME = AppIcon;
				INFOPLIST_FILE = CardDeckUI/Info.plist;
				LD_RUNPATH_SEARCH_PATHS = "$(inherited) @executable_path/Frameworks";
				PRODUCT_NAME = "$(TARGET_NAME)";
			};
			name = Debug;
		};
		3ACFB66B1BDFE971001850E9 /* Release */ = {
			isa = XCBuildConfiguration;
			buildSettings = {
				ASSETCATALOG_COMPILER_APPICON_NAME = AppIcon;
				INFOPLIST_FILE = CardDeckUI/Info.plist;
				LD_RUNPATH_SEARCH_PATHS = "$(inherited) @executable_path/Frameworks";
				PRODUCT_NAME = "$(TARGET_NAME)";
			};
			name = Release;
		};
		3ACFB66D1BDFE971001850E9 /* Debug */ = {
			isa = XCBuildConfiguration;
			buildSettings = {
				BUNDLE_LOADER = "$(TEST_HOST)";
				FRAMEWORK_SEARCH_PATHS = (
					"$(SDKROOT)/Developer/Library/Frameworks",
					"$(inherited)",
				);
				GCC_PREPROCESSOR_DEFINITIONS = (
					"DEBUG=1",
					"$(inherited)",
				);
				INFOPLIST_FILE = CardDeckUITests/Info.plist;
				LD_RUNPATH_SEARCH_PATHS = "$(inherited) @executable_path/Frameworks @loader_path/Frameworks";
				PRODUCT_NAME = "$(TARGET_NAME)";
				TEST_HOST = "$(BUILT_PRODUCTS_DIR)/CardDeckUI.app/CardDeckUI";
			};
			name = Debug;
		};
		3ACFB66E1BDFE971001850E9 /* Release */ = {
			isa = XCBuildConfiguration;
			buildSettings = {
				BUNDLE_LOADER = "$(TEST_HOST)";
				FRAMEWORK_SEARCH_PATHS = (
					"$(SDKROOT)/Developer/Library/Frameworks",
					"$(inherited)",
				);
				INFOPLIST_FILE = CardDeckUITests/Info.plist;
				LD_RUNPATH_SEARCH_PATHS = "$(inherited) @executable_path/Frameworks @loader_path/Frameworks";
				PRODUCT_NAME = "$(TARGET_NAME)";
				TEST_HOST = "$(BUILT_PRODUCTS_DIR)/CardDeckUI.app/CardDeckUI";
			};
			name = Release;
		};
/* End XCBuildConfiguration section */

/* Begin XCConfigurationList section */
		3ACFB6411BDFE971001850E9 /* Build configuration list for PBXProject "CardDeckUI" */ = {
			isa = XCConfigurationList;
			buildConfigurations = (
				3ACFB6671BDFE971001850E9 /* Debug */,
				3ACFB6681BDFE971001850E9 /* Release */,
			);
			defaultConfigurationIsVisible = 0;
			defaultConfigurationName = Release;
		};
		3ACFB6691BDFE971001850E9 /* Build configuration list for PBXNativeTarget "CardDeckUI" */ = {
			isa = XCConfigurationList;
			buildConfigurations = (
				3ACFB66A1BDFE971001850E9 /* Debug */,
				3ACFB66B1BDFE971001850E9 /* Release */,
			);
			defaultConfigurationIsVisible = 0;
		};
		3ACFB66C1BDFE971001850E9 /* Build configuration list for PBXNativeTarget "CardDeckUITests" */ = {
			isa = XCConfigurationList;
			buildConfigurations = (
				3ACFB66D1BDFE971001850E9 /* Debug */,
				3ACFB66E1BDFE971001850E9 /* Release */,
			);
			defaultConfigurationIsVisible = 0;
		};
/* End XCConfigurationList section */
	};
	rootObject = 3ACFB63E1BDFE971001850E9 /* Project object */;
}
